
Microsoft Visual Studio Solution File, Format Version 12.00
# Visual Studio Version 16
VisualStudioVersion = 16.0.31729.503
MinimumVisualStudioVersion = 10.0.40219.1
Project("{FAE04EC0-301F-11D3-BF4B-00C04F79EFBC}") = "Arctical (Tropical Deobfuscator)", "Arctical (Tropical Deobfuscator).csproj", "{D1F8E919-144A-4458-9546-1867B51D8DA5}"
EndProject
Global
	GlobalSection(SolutionConfigurationPlatforms) = preSolution
		Debug|Any CPU = Debug|Any CPU
		Debug|x64 = Debug|x64
		Release|Any CPU = Release|Any CPU
		Release|x64 = Release|x64
	EndGlobalSection
	GlobalSection(ProjectConfigurationPlatforms) = postSolution
		{D1F8E919-144A-4458-9546-1867B51D8DA5}.Debug|Any CPU.ActiveCfg = Debug|Any CPU
		{D1F8E919-144A-4458-9546-1867B51D8DA5}.Debug|Any CPU.Build.0 = Debug|Any CPU
		{D1F8E919-144A-4458-9546-1867B51D8DA5}.Debug|x64.ActiveCfg = Debug|x64
		{D1F8E919-144A-4458-9546-1867B51D8DA5}.Debug|x64.Build.0 = Debug|x64
		{D1F8E919-144A-4458-9546-1867B51D8DA5}.Release|Any CPU.ActiveCfg = Release|Any CPU
		{D1F8E919-144A-4458-9546-1867B51D8DA5}.Release|Any CPU.Build.0 = Release|Any CPU
		{D1F8E919-144A-4458-9546-1867B51D8DA5}.Release|x64.ActiveCfg = Release|x64
		{D1F8E919-144A-4458-9546-1867B51D8DA5}.Release|x64.Build.0 = Release|x64
	EndGlobalSection
	GlobalSection(SolutionProperties) = preSolution
		HideSolutionNode = FALSE
	EndGlobalSection
	GlobalSection(ExtensibilityGlobals) = postSolution
		SolutionGuid = {5D6B59AB-5CD3-43C1-BE97-69AFA60CD72E}
	EndGlobalSection
EndGlobal
